
Microsoft Visual Studio Solution File, Format Version 11.00
# Visual C++ Express 2010
Project("{8BC9CEB8-8B4A-11D0-8D11-00A0C91BC942}") = "Client", "client\Client.vcxproj", "{13734D1B-202B-4AAA-9013-6A485436B035}"
EndProject
Project("{8BC9CEB8-8B4A-11D0-8D11-00A0C91BC942}") = "Server", "server\Server.vcxproj", "{583E45DE-0ADA-C193-4FA6-082ACB132CA4}"
EndProject
Global
	GlobalSection(SolutionConfigurationPlatforms) = preSolution
		Debug|Win32 = Debug|Win32
		Release|Win32 = Release|Win32
	EndGlobalSection
	GlobalSection(ProjectConfigurationPlatforms) = postSolution
		{13734D1B-202B-4AAA-9013-6A485436B035}.Debug|Win32.ActiveCfg = Debug|Win32
		{13734D1B-202B-4AAA-9013-6A485436B035}.Debug|Win32.Build.0 = Debug|Win32
		{13734D1B-202B-4AAA-9013-6A485436B035}.Release|Win32.ActiveCfg = Release|Win32
		{13734D1B-202B-4AAA-9013-6A485436B035}.Release|Win32.Build.0 = Release|Win32
		{583E45DE-0ADA-C193-4FA6-082ACB132CA4}.Debug|Win32.ActiveCfg = Debug|Win32
		{583E45DE-0ADA-C193-4FA6-082ACB132CA4}.Debug|Win32.Build.0 = Debug|Win32
		{583E45DE-0ADA-C193-4FA6-082ACB132CA4}.Release|Win32.ActiveCfg = Release|Win32
		{583E45DE-0ADA-C193-4FA6-082ACB132CA4}.Release|Win32.Build.0 = Release|Win32
	EndGlobalSection
	GlobalSection(SolutionProperties) = preSolution
		HideSolutionNode = FALSE
	EndGlobalSection
EndGlobal
